// !$*UTF8*$!
{
	archiveVersion = 1;
	classes = {
	};
	objectVersion = 46;
	objects = {

/* Begin PBXBuildFile section */
		00EAE6711061970106716C11 /* CoreImage.framework in Frameworks */ = {isa = PBXBuildFile; fileRef = 6D61B023AD35B626D51AA7C4 /* CoreImage.framework */; };
		0D99278C929BFC03DFC7FD7F /* CoreText.framework in Frameworks */ = {isa = PBXBuildFile; fileRef = 5F8A0058C2FD5DB1923671E5 /* CoreText.framework */; };
		114B6A4E97DA51917635F82B /* include_juce_events.mm in Sources */ = {isa = PBXBuildFile; fileRef = 41DBC36A3E01E865B8B68996 /* include_juce_events.mm */; };
		16C09F52FB9186890E2A9D25 /* CoreGraphics.framework in Frameworks */ = {isa = PBXBuildFile; fileRef = 2A517FF0114968AF7A0B3832 /* CoreGraphics.framework */; };
		3784C5FA4F3F26B1268376AF /* include_juce_data_structures.mm in Sources */ = {isa = PBXBuildFile; fileRef = F775A0993A1EEC3BDBFFA655 /* include_juce_data_structures.mm */; };
		3D76C75949269B73F8251492 /* include_juce_gui_extra.mm in Sources */ = {isa = PBXBuildFile; fileRef = 31213FC0AC45400B7EE67903 /* include_juce_gui_extra.mm */; };
		564AA333B7B2C2A928FDA328 /* CoreMIDI.framework in Frameworks */ = {isa = PBXBuildFile; fileRef = D41B043FEAF7267E89D7D898 /* CoreMIDI.framework */; };
		5B83A7DF5A4D03A5C277FBFB /* include_juce_audio_utils.mm in Sources */ = {isa = PBXBuildFile; fileRef = 638186D843BB703D0BC4A0B9 /* include_juce_audio_utils.mm */; };
		5BEED7DD920EC28739F11F05 /* include_juce_audio_processors.mm in Sources */ = {isa = PBXBuildFile; fileRef = 08C497796F520051257E87E5 /* include_juce_audio_processors.mm */; };
		68BF3F7A30038AE9DEEFBEAB /* include_juce_audio_formats.mm in Sources */ = {isa = PBXBuildFile; fileRef = 5131682CE8F7B211083647FE /* include_juce_audio_formats.mm */; };
		74460908FAEF7448D425CABD /* include_juce_audio_devices.mm in Sources */ = {isa = PBXBuildFile; fileRef = A308B7F90AD47A3DF44F5D09 /* include_juce_audio_devices.mm */; };
		7878428B86845ACBFE9344F8 /* WebKit.framework in Frameworks */ = {isa = PBXBuildFile; fileRef = 8DF8F0A1B48C8030C7361B08 /* WebKit.framework */; };
		7B26FCB56BC92A1A3B95440C /* include_juce_core.mm in Sources */ = {isa = PBXBuildFile; fileRef = 111703F952DF067CC22F5220 /* include_juce_core.mm */; };
		7EDDABF882F15004985F3EE9 /* UIKit.framework in Frameworks */ = {isa = PBXBuildFile; fileRef = 70BC6075E54891754B91C0A2 /* UIKit.framework */; };
		88984FDCBD8F3887FBF1CAD6 /* AudioToolbox.framework in Frameworks */ = {isa = PBXBuildFile; fileRef = CFFAE7672F89DDEE8AF74D56 /* AudioToolbox.framework */; };
		8E1247E8F4178419495C5E1B /* CoreServices.framework in Frameworks */ = {isa = PBXBuildFile; fileRef = CAD3757396594D0B15C2A2E2 /* CoreServices.framework */; };
		BF8016E386FCB6E676E1D759 /* Images.xcassets in Resources */ = {isa = PBXBuildFile; fileRef = 9B955D62C0A0A2394E52D85D /* Images.xcassets */; };
		C413601C07C450CC969E75D6 /* Foundation.framework in Frameworks */ = {isa = PBXBuildFile; fileRef = D5C885FFEB3B08C056B33670 /* Foundation.framework */; };
		C4348EE62E1F19DE6B6D5C32 /* include_juce_graphics.mm in Sources */ = {isa = PBXBuildFile; fileRef = E58CE7588CED73FB1417081F /* include_juce_graphics.mm */; };
		C79DC06DA2D56462BFF495C2 /* include_juce_gui_basics.mm in Sources */ = {isa = PBXBuildFile; fileRef = 2901D2B404E6A4E66658B3E9 /* include_juce_gui_basics.mm */; };
		CA1E49A348211ED8EFD0D9AD /* include_juce_audio_basics.mm in Sources */ = {isa = PBXBuildFile; fileRef = 0A6D3094CA9632B0E70F1040 /* include_juce_audio_basics.mm */; };
		D695C1D6723B121B0A08BD15 /* QuartzCore.framework in Frameworks */ = {isa = PBXBuildFile; fileRef = 7E0EC28E1B0F1393ECB8003E /* QuartzCore.framework */; };
		DA8417D3850016F140F28434 /* Accelerate.framework in Frameworks */ = {isa = PBXBuildFile; fileRef = 19F0FA6F1E799B583DD653C8 /* Accelerate.framework */; };
		E2A75C6F057F0B2046902E5C /* CoreAudio.framework in Frameworks */ = {isa = PBXBuildFile; fileRef = 49E1D90E9DE0D32F7DBEAFFA /* CoreAudio.framework */; };
		E911F10D1A419A871033F6B9 /* AVFoundation.framework in Frameworks */ = {isa = PBXBuildFile; fileRef = 97E125036EAFAE63B0480C66 /* AVFoundation.framework */; };
		E91FC133263D57E8F4AC8671 /* CoreAudioKit.framework in Frameworks */ = {isa = PBXBuildFile; fileRef = 2A425D50455EB83F58634627 /* CoreAudioKit.framework */; };
		EC01D0ABB93F829052FED59D /* MainComponent.cpp in Sources */ = {isa = PBXBuildFile; fileRef = ED7B3F96702717DFE3429796 /* MainComponent.cpp */; };
		F9871339738A579AC80CB4BC /* LaunchScreen.storyboard in Resources */ = {isa = PBXBuildFile; fileRef = A49074B764CB526CF4491D30 /* LaunchScreen.storyboard */; };
		FA4D0249275105EF002544AA /* SamplerAudioSource.cpp in Sources */ = {isa = PBXBuildFile; fileRef = FA4D0247275105EF002544AA /* SamplerAudioSource.cpp */; };
		FA4D025027510E86002544AA /* bass_drum.wav in Resources */ = {isa = PBXBuildFile; fileRef = FA4D024D27510E86002544AA /* bass_drum.wav */; };
		FA4D025127510E86002544AA /* hi_hat.wav in Resources */ = {isa = PBXBuildFile; fileRef = FA4D024E27510E86002544AA /* hi_hat.wav */; };
		FA4D025227510E86002544AA /* snare.wav in Resources */ = {isa = PBXBuildFile; fileRef = FA4D024F27510E86002544AA /* snare.wav */; };
		FA4D0255275204B6002544AA /* MidiPadBoardComponent.cpp in Sources */ = {isa = PBXBuildFile; fileRef = FA4D0253275204B6002544AA /* MidiPadBoardComponent.cpp */; };
		FAF56EB627579ABE0014638A /* PadButton.cpp in Sources */ = {isa = PBXBuildFile; fileRef = FAF56EB427579ABE0014638A /* PadButton.cpp */; };
		FC8A108D500176E2E48603EA /* Main.cpp in Sources */ = {isa = PBXBuildFile; fileRef = 38AA22E7E890315010BFF4DD /* Main.cpp */; };
/* End PBXBuildFile section */

/* Begin PBXFileReference section */
		0588DB491CC940ECD6E1FF89 /* juce_audio_utils */ = {isa = PBXFileReference; lastKnownFileType = folder; name = juce_audio_utils; path = /Users/alex/Work/Audio/JUCE/modules/juce_audio_utils; sourceTree = "<absolute>"; };
		08C497796F520051257E87E5 /* include_juce_audio_processors.mm */ = {isa = PBXFileReference; lastKnownFileType = sourcecode.cpp.objcpp; name = include_juce_audio_processors.mm; path = ../../JuceLibraryCode/include_juce_audio_processors.mm; sourceTree = SOURCE_ROOT; };
		0A6D3094CA9632B0E70F1040 /* include_juce_audio_basics.mm */ = {isa = PBXFileReference; lastKnownFileType = sourcecode.cpp.objcpp; name = include_juce_audio_basics.mm; path = ../../JuceLibraryCode/include_juce_audio_basics.mm; sourceTree = SOURCE_ROOT; };
		111703F952DF067CC22F5220 /* include_juce_core.mm */ = {isa = PBXFileReference; lastKnownFileType = sourcecode.cpp.objcpp; name = include_juce_core.mm; path = ../../JuceLibraryCode/include_juce_core.mm; sourceTree = SOURCE_ROOT; };
		19F0FA6F1E799B583DD653C8 /* Accelerate.framework */ = {isa = PBXFileReference; lastKnownFileType = wrapper.framework; name = Accelerate.framework; path = System/Library/Frameworks/Accelerate.framework; sourceTree = SDKROOT; };
		2901D2B404E6A4E66658B3E9 /* include_juce_gui_basics.mm */ = {isa = PBXFileReference; lastKnownFileType = sourcecode.cpp.objcpp; name = include_juce_gui_basics.mm; path = ../../JuceLibraryCode/include_juce_gui_basics.mm; sourceTree = SOURCE_ROOT; };
		2A425D50455EB83F58634627 /* CoreAudioKit.framework */ = {isa = PBXFileReference; lastKnownFileType = wrapper.framework; name = CoreAudioKit.framework; path = System/Library/Frameworks/CoreAudioKit.framework; sourceTree = SDKROOT; };
		2A517FF0114968AF7A0B3832 /* CoreGraphics.framework */ = {isa = PBXFileReference; lastKnownFileType = wrapper.framework; name = CoreGraphics.framework; path = System/Library/Frameworks/CoreGraphics.framework; sourceTree = SDKROOT; };
		31213FC0AC45400B7EE67903 /* include_juce_gui_extra.mm */ = {isa = PBXFileReference; lastKnownFileType = sourcecode.cpp.objcpp; name = include_juce_gui_extra.mm; path = ../../JuceLibraryCode/include_juce_gui_extra.mm; sourceTree = SOURCE_ROOT; };
		38AA22E7E890315010BFF4DD /* Main.cpp */ = {isa = PBXFileReference; lastKnownFileType = sourcecode.cpp.cpp; name = Main.cpp; path = ../../Source/Main.cpp; sourceTree = SOURCE_ROOT; };
		40C4A06F08451D2D07ED484D /* JuceHeader.h */ = {isa = PBXFileReference; lastKnownFileType = sourcecode.c.h; name = JuceHeader.h; path = ../../JuceLibraryCode/JuceHeader.h; sourceTree = SOURCE_ROOT; };
		41DBC36A3E01E865B8B68996 /* include_juce_events.mm */ = {isa = PBXFileReference; lastKnownFileType = sourcecode.cpp.objcpp; name = include_juce_events.mm; path = ../../JuceLibraryCode/include_juce_events.mm; sourceTree = SOURCE_ROOT; };
		46C307DE4BE32A54748D7F46 /* MainComponent.h */ = {isa = PBXFileReference; lastKnownFileType = sourcecode.c.h; name = MainComponent.h; path = ../../Source/MainComponent.h; sourceTree = SOURCE_ROOT; };
		49E1D90E9DE0D32F7DBEAFFA /* CoreAudio.framework */ = {isa = PBXFileReference; lastKnownFileType = wrapper.framework; name = CoreAudio.framework; path = System/Library/Frameworks/CoreAudio.framework; sourceTree = SDKROOT; };
		5131682CE8F7B211083647FE /* include_juce_audio_formats.mm */ = {isa = PBXFileReference; lastKnownFileType = sourcecode.cpp.objcpp; name = include_juce_audio_formats.mm; path = ../../JuceLibraryCode/include_juce_audio_formats.mm; sourceTree = SOURCE_ROOT; };
		5C2A84F6434EAF46746E46F6 /* Info-App.plist */ = {isa = PBXFileReference; lastKnownFileType = text.plist.xml; path = "Info-App.plist"; sourceTree = SOURCE_ROOT; };
		5F8A0058C2FD5DB1923671E5 /* CoreText.framework */ = {isa = PBXFileReference; lastKnownFileType = wrapper.framework; name = CoreText.framework; path = System/Library/Frameworks/CoreText.framework; sourceTree = SDKROOT; };
		638186D843BB703D0BC4A0B9 /* include_juce_audio_utils.mm */ = {isa = PBXFileReference; lastKnownFileType = sourcecode.cpp.objcpp; name = include_juce_audio_utils.mm; path = ../../JuceLibraryCode/include_juce_audio_utils.mm; sourceTree = SOURCE_ROOT; };
		64767903938247D2B90AAEDB /* juce_audio_formats */ = {isa = PBXFileReference; lastKnownFileType = folder; name = juce_audio_formats; path = /Users/alex/Work/Audio/JUCE/modules/juce_audio_formats; sourceTree = "<absolute>"; };
		6D61B023AD35B626D51AA7C4 /* CoreImage.framework */ = {isa = PBXFileReference; lastKnownFileType = wrapper.framework; name = CoreImage.framework; path = System/Library/Frameworks/CoreImage.framework; sourceTree = SDKROOT; };
		70BC6075E54891754B91C0A2 /* UIKit.framework */ = {isa = PBXFileReference; lastKnownFileType = wrapper.framework; name = UIKit.framework; path = System/Library/Frameworks/UIKit.framework; sourceTree = SDKROOT; };
		7770F77DDB49D72EF1775990 /* juce_core */ = {isa = PBXFileReference; lastKnownFileType = folder; name = juce_core; path = /Users/alex/Work/Audio/JUCE/modules/juce_core; sourceTree = "<absolute>"; };
		7E0EC28E1B0F1393ECB8003E /* QuartzCore.framework */ = {isa = PBXFileReference; lastKnownFileType = wrapper.framework; name = QuartzCore.framework; path = System/Library/Frameworks/QuartzCore.framework; sourceTree = SDKROOT; };
		84F8B020379B36B0467B395F /* juce_data_structures */ = {isa = PBXFileReference; lastKnownFileType = folder; name = juce_data_structures; path = /Users/alex/Work/Audio/JUCE/modules/juce_data_structures; sourceTree = "<absolute>"; };
		864466545D73AF538C5EB00C /* juce_audio_processors */ = {isa = PBXFileReference; lastKnownFileType = folder; name = juce_audio_processors; path = /Users/alex/Work/Audio/JUCE/modules/juce_audio_processors; sourceTree = "<absolute>"; };
		8D90CE917D0153DB01C6EA91 /* juce_graphics */ = {isa = PBXFileReference; lastKnownFileType = folder; name = juce_graphics; path = /Users/alex/Work/Audio/JUCE/modules/juce_graphics; sourceTree = "<absolute>"; };
		8DF8F0A1B48C8030C7361B08 /* WebKit.framework */ = {isa = PBXFileReference; lastKnownFileType = wrapper.framework; name = WebKit.framework; path = System/Library/Frameworks/WebKit.framework; sourceTree = SDKROOT; };
		97E125036EAFAE63B0480C66 /* AVFoundation.framework */ = {isa = PBXFileReference; lastKnownFileType = wrapper.framework; name = AVFoundation.framework; path = System/Library/Frameworks/AVFoundation.framework; sourceTree = SDKROOT; };
		9B955D62C0A0A2394E52D85D /* Images.xcassets */ = {isa = PBXFileReference; lastKnownFileType = folder.assetcatalog; name = Images.xcassets; path = Simplers/Images.xcassets; sourceTree = SOURCE_ROOT; };
		A2B6661918E0C8C4BEE889C3 /* juce_audio_basics */ = {isa = PBXFileReference; lastKnownFileType = folder; name = juce_audio_basics; path = /Users/alex/Work/Audio/JUCE/modules/juce_audio_basics; sourceTree = "<absolute>"; };
		A308B7F90AD47A3DF44F5D09 /* include_juce_audio_devices.mm */ = {isa = PBXFileReference; lastKnownFileType = sourcecode.cpp.objcpp; name = include_juce_audio_devices.mm; path = ../../JuceLibraryCode/include_juce_audio_devices.mm; sourceTree = SOURCE_ROOT; };
		A49074B764CB526CF4491D30 /* LaunchScreen.storyboard */ = {isa = PBXFileReference; lastKnownFileType = file.storyboard; path = LaunchScreen.storyboard; sourceTree = SOURCE_ROOT; };
		AD7EAE99C749376167FBF8E2 /* juce_gui_basics */ = {isa = PBXFileReference; lastKnownFileType = folder; name = juce_gui_basics; path = /Users/alex/Work/Audio/JUCE/modules/juce_gui_basics; sourceTree = "<absolute>"; };
		B5257090E26DE656E3BCF004 /* juce_gui_extra */ = {isa = PBXFileReference; lastKnownFileType = folder; name = juce_gui_extra; path = /Users/alex/Work/Audio/JUCE/modules/juce_gui_extra; sourceTree = "<absolute>"; };
		B7E86C90A21090925593319E /* Simplers.app */ = {isa = PBXFileReference; explicitFileType = wrapper.application; includeInIndex = 0; path = Simplers.app; sourceTree = BUILT_PRODUCTS_DIR; };
		CAD3757396594D0B15C2A2E2 /* CoreServices.framework */ = {isa = PBXFileReference; lastKnownFileType = wrapper.framework; name = CoreServices.framework; path = System/Library/Frameworks/CoreServices.framework; sourceTree = SDKROOT; };
		CFFAE7672F89DDEE8AF74D56 /* AudioToolbox.framework */ = {isa = PBXFileReference; lastKnownFileType = wrapper.framework; name = AudioToolbox.framework; path = System/Library/Frameworks/AudioToolbox.framework; sourceTree = SDKROOT; };
		D41B043FEAF7267E89D7D898 /* CoreMIDI.framework */ = {isa = PBXFileReference; lastKnownFileType = wrapper.framework; name = CoreMIDI.framework; path = System/Library/Frameworks/CoreMIDI.framework; sourceTree = SDKROOT; };
		D5C885FFEB3B08C056B33670 /* Foundation.framework */ = {isa = PBXFileReference; lastKnownFileType = wrapper.framework; name = Foundation.framework; path = System/Library/Frameworks/Foundation.framework; sourceTree = SDKROOT; };
		E13F9F95D059473A36E828BB /* juce_audio_devices */ = {isa = PBXFileReference; lastKnownFileType = folder; name = juce_audio_devices; path = /Users/alex/Work/Audio/JUCE/modules/juce_audio_devices; sourceTree = "<absolute>"; };
		E58CE7588CED73FB1417081F /* include_juce_graphics.mm */ = {isa = PBXFileReference; lastKnownFileType = sourcecode.cpp.objcpp; name = include_juce_graphics.mm; path = ../../JuceLibraryCode/include_juce_graphics.mm; sourceTree = SOURCE_ROOT; };
		E649A3E057253F12D8C23A98 /* juce_events */ = {isa = PBXFileReference; lastKnownFileType = folder; name = juce_events; path = /Users/alex/Work/Audio/JUCE/modules/juce_events; sourceTree = "<absolute>"; };
		ED7B3F96702717DFE3429796 /* MainComponent.cpp */ = {isa = PBXFileReference; lastKnownFileType = sourcecode.cpp.cpp; name = MainComponent.cpp; path = ../../Source/MainComponent.cpp; sourceTree = SOURCE_ROOT; };
		F775A0993A1EEC3BDBFFA655 /* include_juce_data_structures.mm */ = {isa = PBXFileReference; lastKnownFileType = sourcecode.cpp.objcpp; name = include_juce_data_structures.mm; path = ../../JuceLibraryCode/include_juce_data_structures.mm; sourceTree = SOURCE_ROOT; };
		FA4D0247275105EF002544AA /* SamplerAudioSource.cpp */ = {isa = PBXFileReference; lastKnownFileType = sourcecode.cpp.cpp; name = SamplerAudioSource.cpp; path = ../../Source/SamplerAudioSource.cpp; sourceTree = "<group>"; };
		FA4D0248275105EF002544AA /* SamplerAudioSource.hpp */ = {isa = PBXFileReference; lastKnownFileType = sourcecode.cpp.h; name = SamplerAudioSource.hpp; path = ../../Source/SamplerAudioSource.hpp; sourceTree = "<group>"; };
		FA4D024D27510E86002544AA /* bass_drum.wav */ = {isa = PBXFileReference; lastKnownFileType = audio.wav; path = bass_drum.wav; sourceTree = "<group>"; };
		FA4D024E27510E86002544AA /* hi_hat.wav */ = {isa = PBXFileReference; lastKnownFileType = audio.wav; path = hi_hat.wav; sourceTree = "<group>"; };
		FA4D024F27510E86002544AA /* snare.wav */ = {isa = PBXFileReference; lastKnownFileType = audio.wav; path = snare.wav; sourceTree = "<group>"; };
		FA4D0253275204B6002544AA /* MidiPadBoardComponent.cpp */ = {isa = PBXFileReference; lastKnownFileType = sourcecode.cpp.cpp; name = MidiPadBoardComponent.cpp; path = ../../Source/MidiPadBoardComponent.cpp; sourceTree = "<group>"; };
		FA4D0254275204B6002544AA /* MidiPadBoardComponent.hpp */ = {isa = PBXFileReference; lastKnownFileType = sourcecode.cpp.h; name = MidiPadBoardComponent.hpp; path = ../../Source/MidiPadBoardComponent.hpp; sourceTree = "<group>"; };
		FAF56EB427579ABE0014638A /* PadButton.cpp */ = {isa = PBXFileReference; lastKnownFileType = sourcecode.cpp.cpp; name = PadButton.cpp; path = ../../Source/PadButton.cpp; sourceTree = "<group>"; };
		FAF56EB527579ABE0014638A /* PadButton.hpp */ = {isa = PBXFileReference; lastKnownFileType = sourcecode.cpp.h; name = PadButton.hpp; path = ../../Source/PadButton.hpp; sourceTree = "<group>"; };
/* End PBXFileReference section */

/* Begin PBXFrameworksBuildPhase section */
		1460CA214123A173A496B296 /* Frameworks */ = {
			isa = PBXFrameworksBuildPhase;
			buildActionMask = 2147483647;
			files = (
				DA8417D3850016F140F28434 /* Accelerate.framework in Frameworks */,
				88984FDCBD8F3887FBF1CAD6 /* AudioToolbox.framework in Frameworks */,
				E911F10D1A419A871033F6B9 /* AVFoundation.framework in Frameworks */,
				E2A75C6F057F0B2046902E5C /* CoreAudio.framework in Frameworks */,
				E91FC133263D57E8F4AC8671 /* CoreAudioKit.framework in Frameworks */,
				16C09F52FB9186890E2A9D25 /* CoreGraphics.framework in Frameworks */,
				00EAE6711061970106716C11 /* CoreImage.framework in Frameworks */,
				564AA333B7B2C2A928FDA328 /* CoreMIDI.framework in Frameworks */,
				8E1247E8F4178419495C5E1B /* CoreServices.framework in Frameworks */,
				0D99278C929BFC03DFC7FD7F /* CoreText.framework in Frameworks */,
				C413601C07C450CC969E75D6 /* Foundation.framework in Frameworks */,
				D695C1D6723B121B0A08BD15 /* QuartzCore.framework in Frameworks */,
				7EDDABF882F15004985F3EE9 /* UIKit.framework in Frameworks */,
				7878428B86845ACBFE9344F8 /* WebKit.framework in Frameworks */,
			);
			runOnlyForDeploymentPostprocessing = 0;
		};
/* End PBXFrameworksBuildPhase section */

/* Begin PBXGroup section */
		089F685288F00B32AF82B93A /* Source */ = {
			isa = PBXGroup;
			children = (
				38AA22E7E890315010BFF4DD /* Main.cpp */,
				46C307DE4BE32A54748D7F46 /* MainComponent.h */,
				ED7B3F96702717DFE3429796 /* MainComponent.cpp */,
				FA4D0248275105EF002544AA /* SamplerAudioSource.hpp */,
				FA4D0247275105EF002544AA /* SamplerAudioSource.cpp */,
				FAF56EB727579ACB0014638A /* MidiPad */,
			);
			name = Source;
			sourceTree = "<group>";
		};
		0957BC6865821157DE161AA8 /* Source */ = {
			isa = PBXGroup;
			children = (
				71FB68C08213D94B30956777 /* Simplers */,
				24E6BF2871384A76D6E726CF /* JUCE Modules */,
				CB1CDF585C4A65AD9080D06D /* JUCE Library Code */,
				2019503231D06C2A3CFCDCB1 /* Resources */,
				D60333E2757F8DFC42FDF985 /* Frameworks */,
				EF73DF83E1356B3A7AC1370D /* Products */,
			);
			name = Source;
			sourceTree = "<group>";
		};
		2019503231D06C2A3CFCDCB1 /* Resources */ = {
			isa = PBXGroup;
			children = (
				5C2A84F6434EAF46746E46F6 /* Info-App.plist */,
				9B955D62C0A0A2394E52D85D /* Images.xcassets */,
				A49074B764CB526CF4491D30 /* LaunchScreen.storyboard */,
			);
			name = Resources;
			sourceTree = "<group>";
		};
		24E6BF2871384A76D6E726CF /* JUCE Modules */ = {
			isa = PBXGroup;
			children = (
				A2B6661918E0C8C4BEE889C3 /* juce_audio_basics */,
				E13F9F95D059473A36E828BB /* juce_audio_devices */,
				64767903938247D2B90AAEDB /* juce_audio_formats */,
				864466545D73AF538C5EB00C /* juce_audio_processors */,
				0588DB491CC940ECD6E1FF89 /* juce_audio_utils */,
				7770F77DDB49D72EF1775990 /* juce_core */,
				84F8B020379B36B0467B395F /* juce_data_structures */,
				E649A3E057253F12D8C23A98 /* juce_events */,
				8D90CE917D0153DB01C6EA91 /* juce_graphics */,
				AD7EAE99C749376167FBF8E2 /* juce_gui_basics */,
				B5257090E26DE656E3BCF004 /* juce_gui_extra */,
			);
			name = "JUCE Modules";
			sourceTree = "<group>";
		};
		71FB68C08213D94B30956777 /* Simplers */ = {
			isa = PBXGroup;
			children = (
				FA4D024A27510949002544AA /* Assets */,
				089F685288F00B32AF82B93A /* Source */,
			);
			name = Simplers;
			sourceTree = "<group>";
		};
		CB1CDF585C4A65AD9080D06D /* JUCE Library Code */ = {
			isa = PBXGroup;
			children = (
				0A6D3094CA9632B0E70F1040 /* include_juce_audio_basics.mm */,
				A308B7F90AD47A3DF44F5D09 /* include_juce_audio_devices.mm */,
				5131682CE8F7B211083647FE /* include_juce_audio_formats.mm */,
				08C497796F520051257E87E5 /* include_juce_audio_processors.mm */,
				638186D843BB703D0BC4A0B9 /* include_juce_audio_utils.mm */,
				111703F952DF067CC22F5220 /* include_juce_core.mm */,
				F775A0993A1EEC3BDBFFA655 /* include_juce_data_structures.mm */,
				41DBC36A3E01E865B8B68996 /* include_juce_events.mm */,
				E58CE7588CED73FB1417081F /* include_juce_graphics.mm */,
				2901D2B404E6A4E66658B3E9 /* include_juce_gui_basics.mm */,
				31213FC0AC45400B7EE67903 /* include_juce_gui_extra.mm */,
				40C4A06F08451D2D07ED484D /* JuceHeader.h */,
			);
			name = "JUCE Library Code";
			sourceTree = "<group>";
		};
		D60333E2757F8DFC42FDF985 /* Frameworks */ = {
			isa = PBXGroup;
			children = (
				19F0FA6F1E799B583DD653C8 /* Accelerate.framework */,
				CFFAE7672F89DDEE8AF74D56 /* AudioToolbox.framework */,
				97E125036EAFAE63B0480C66 /* AVFoundation.framework */,
				49E1D90E9DE0D32F7DBEAFFA /* CoreAudio.framework */,
				2A425D50455EB83F58634627 /* CoreAudioKit.framework */,
				2A517FF0114968AF7A0B3832 /* CoreGraphics.framework */,
				6D61B023AD35B626D51AA7C4 /* CoreImage.framework */,
				D41B043FEAF7267E89D7D898 /* CoreMIDI.framework */,
				CAD3757396594D0B15C2A2E2 /* CoreServices.framework */,
				5F8A0058C2FD5DB1923671E5 /* CoreText.framework */,
				D5C885FFEB3B08C056B33670 /* Foundation.framework */,
				7E0EC28E1B0F1393ECB8003E /* QuartzCore.framework */,
				70BC6075E54891754B91C0A2 /* UIKit.framework */,
				8DF8F0A1B48C8030C7361B08 /* WebKit.framework */,
			);
			name = Frameworks;
			sourceTree = "<group>";
		};
		EF73DF83E1356B3A7AC1370D /* Products */ = {
			isa = PBXGroup;
			children = (
				B7E86C90A21090925593319E /* Simplers.app */,
			);
			name = Products;
			sourceTree = "<group>";
		};
		FA4D024A27510949002544AA /* Assets */ = {
			isa = PBXGroup;
			children = (
				FA4D024D27510E86002544AA /* bass_drum.wav */,
				FA4D024E27510E86002544AA /* hi_hat.wav */,
				FA4D024F27510E86002544AA /* snare.wav */,
			);
			name = Assets;
			path = ../../Assets;
			sourceTree = "<group>";
		};
		FAF56EB727579ACB0014638A /* MidiPad */ = {
			isa = PBXGroup;
			children = (
				FA4D0254275204B6002544AA /* MidiPadBoardComponent.hpp */,
				FA4D0253275204B6002544AA /* MidiPadBoardComponent.cpp */,
				FAF56EB527579ABE0014638A /* PadButton.hpp */,
				FAF56EB427579ABE0014638A /* PadButton.cpp */,
			);
			name = MidiPad;
			sourceTree = "<group>";
		};
/* End PBXGroup section */

/* Begin PBXNativeTarget section */
		967464C227BE3491812D25E6 /* Simplers - App */ = {
			isa = PBXNativeTarget;
			buildConfigurationList = 8C460A58D9F5B2586AF18F7E /* Build configuration list for PBXNativeTarget "Simplers - App" */;
			buildPhases = (
				0F59F9655310A184F69E115F /* Resources */,
				5C4DBD611FAD3F818983E2D2 /* Sources */,
				1460CA214123A173A496B296 /* Frameworks */,
			);
			buildRules = (
			);
			dependencies = (
			);
			name = "Simplers - App";
			productName = Simplers;
			productReference = B7E86C90A21090925593319E /* Simplers.app */;
			productType = "com.apple.product-type.application";
		};
/* End PBXNativeTarget section */

/* Begin PBXProject section */
		79CBA40FCEADF32A9AE4CBDC /* Project object */ = {
			isa = PBXProject;
			attributes = {
				LastUpgradeCheck = 1300;
				ORGANIZATIONNAME = "";
				TargetAttributes = {
					967464C227BE3491812D25E6 = {
						SystemCapabilities = {
							com.apple.ApplicationGroups.iOS = {
								enabled = 0;
							};
							com.apple.HardenedRuntime = {
								enabled = 0;
							};
							com.apple.InAppPurchase = {
								enabled = 0;
							};
							com.apple.InterAppAudio = {
								enabled = 0;
							};
							com.apple.Push = {
								enabled = 0;
							};
							com.apple.Sandbox = {
								enabled = 0;
							};
						};
					};
				};
			};
			buildConfigurationList = FCB58FD1EA68C7A45F959F48 /* Build configuration list for PBXProject "Simplers" */;
			compatibilityVersion = "Xcode 3.2";
			developmentRegion = en;
			hasScannedForEncodings = 0;
			knownRegions = (
				en,
				Base,
			);
			mainGroup = 0957BC6865821157DE161AA8 /* Source */;
			projectDirPath = "";
			projectRoot = "";
			targets = (
				967464C227BE3491812D25E6 /* Simplers - App */,
			);
		};
/* End PBXProject section */

/* Begin PBXResourcesBuildPhase section */
		0F59F9655310A184F69E115F /* Resources */ = {
			isa = PBXResourcesBuildPhase;
			buildActionMask = 2147483647;
			files = (
				FA4D025027510E86002544AA /* bass_drum.wav in Resources */,
				FA4D025127510E86002544AA /* hi_hat.wav in Resources */,
				BF8016E386FCB6E676E1D759 /* Images.xcassets in Resources */,
				FA4D025227510E86002544AA /* snare.wav in Resources */,
				F9871339738A579AC80CB4BC /* LaunchScreen.storyboard in Resources */,
			);
			runOnlyForDeploymentPostprocessing = 0;
		};
/* End PBXResourcesBuildPhase section */

/* Begin PBXSourcesBuildPhase section */
		5C4DBD611FAD3F818983E2D2 /* Sources */ = {
			isa = PBXSourcesBuildPhase;
			buildActionMask = 2147483647;
			files = (
				FC8A108D500176E2E48603EA /* Main.cpp in Sources */,
				EC01D0ABB93F829052FED59D /* MainComponent.cpp in Sources */,
				CA1E49A348211ED8EFD0D9AD /* include_juce_audio_basics.mm in Sources */,
				74460908FAEF7448D425CABD /* include_juce_audio_devices.mm in Sources */,
				68BF3F7A30038AE9DEEFBEAB /* include_juce_audio_formats.mm in Sources */,
				5BEED7DD920EC28739F11F05 /* include_juce_audio_processors.mm in Sources */,
				5B83A7DF5A4D03A5C277FBFB /* include_juce_audio_utils.mm in Sources */,
				7B26FCB56BC92A1A3B95440C /* include_juce_core.mm in Sources */,
				FA4D0249275105EF002544AA /* SamplerAudioSource.cpp in Sources */,
				3784C5FA4F3F26B1268376AF /* include_juce_data_structures.mm in Sources */,
				FA4D0255275204B6002544AA /* MidiPadBoardComponent.cpp in Sources */,
				114B6A4E97DA51917635F82B /* include_juce_events.mm in Sources */,
				C4348EE62E1F19DE6B6D5C32 /* include_juce_graphics.mm in Sources */,
				C79DC06DA2D56462BFF495C2 /* include_juce_gui_basics.mm in Sources */,
				3D76C75949269B73F8251492 /* include_juce_gui_extra.mm in Sources */,
				FAF56EB627579ABE0014638A /* PadButton.cpp in Sources */,
			);
			runOnlyForDeploymentPostprocessing = 0;
		};
/* End PBXSourcesBuildPhase section */

/* Begin XCBuildConfiguration section */
		8C57C29FA2007FD7EB3CFB27 /* Release */ = {
			isa = XCBuildConfiguration;
			buildSettings = {
				ASSETCATALOG_COMPILER_APPICON_NAME = AppIcon;
				CLANG_CXX_LANGUAGE_STANDARD = "c++14";
				CLANG_CXX_LIBRARY = "libc++";
				CLANG_LINK_OBJC_RUNTIME = NO;
				"CODE_SIGN_IDENTITY[sdk=iphoneos*]" = "";
				COMBINE_HIDPI_IMAGES = YES;
				CONFIGURATION_BUILD_DIR = "$(PROJECT_DIR)/build/$(CONFIGURATION)";
				DEAD_CODE_STRIPPING = YES;
				GCC_GENERATE_DEBUGGING_SYMBOLS = NO;
				GCC_OPTIMIZATION_LEVEL = 3;
				GCC_PREPROCESSOR_DEFINITIONS = (
					"_NDEBUG=1",
					"NDEBUG=1",
					"JUCE_CONTENT_SHARING=1",
					"JUCE_DISPLAY_SPLASH_SCREEN=1",
					"JUCE_USE_DARK_SPLASH_SCREEN=1",
					"JUCE_PROJUCER_VERSION=0x60102",
					"JUCE_MODULE_AVAILABLE_juce_audio_basics=1",
					"JUCE_MODULE_AVAILABLE_juce_audio_devices=1",
					"JUCE_MODULE_AVAILABLE_juce_audio_formats=1",
					"JUCE_MODULE_AVAILABLE_juce_audio_processors=1",
					"JUCE_MODULE_AVAILABLE_juce_audio_utils=1",
					"JUCE_MODULE_AVAILABLE_juce_core=1",
					"JUCE_MODULE_AVAILABLE_juce_data_structures=1",
					"JUCE_MODULE_AVAILABLE_juce_events=1",
					"JUCE_MODULE_AVAILABLE_juce_graphics=1",
					"JUCE_MODULE_AVAILABLE_juce_gui_basics=1",
					"JUCE_MODULE_AVAILABLE_juce_gui_extra=1",
					"JUCE_GLOBAL_MODULE_SETTINGS_INCLUDED=1",
					"JUCE_STRICT_REFCOUNTEDPOINTER=1",
					"JUCE_STANDALONE_APPLICATION=1",
					"JUCER_XCODE_IPHONE_5BC26AE3=1",
					"JUCE_APP_VERSION=1.0.0",
					"JUCE_APP_VERSION_HEX=0x10000",
					"JucePlugin_Build_VST=0",
					"JucePlugin_Build_VST3=0",
					"JucePlugin_Build_AU=0",
					"JucePlugin_Build_AUv3=0",
					"JucePlugin_Build_RTAS=0",
					"JucePlugin_Build_AAX=0",
					"JucePlugin_Build_Standalone=0",
					"JucePlugin_Build_Unity=0",
				);
				GCC_VERSION = com.apple.compilers.llvm.clang.1_0;
				HEADER_SEARCH_PATHS = (
					"$(SRCROOT)/../../JuceLibraryCode",
					/Users/alex/Work/Audio/JUCE/modules,
					"$(inherited)",
				);
				INFOPLIST_FILE = "Info-App.plist";
				INFOPLIST_PREPROCESS = NO;
				INSTALL_PATH = "$(HOME)/Applications";
				LLVM_LTO = YES;
				MTL_HEADER_SEARCH_PATHS = "$(SRCROOT)/../../JuceLibraryCode /Users/alex/Work/Audio/JUCE/modules";
				PRODUCT_BUNDLE_IDENTIFIER = com.yourcompany.Simplers;
				PRODUCT_NAME = Simplers;
				USE_HEADERMAP = NO;
			};
			name = Release;
		};
		99D4525DD6DBAC7CB9EAFBF9 /* Debug */ = {
			isa = XCBuildConfiguration;
			buildSettings = {
				ALWAYS_SEARCH_USER_PATHS = NO;
				CLANG_ENABLE_OBJC_WEAK = YES;
				CLANG_WARN_BLOCK_CAPTURE_AUTORELEASING = YES;
				CLANG_WARN_BOOL_CONVERSION = YES;
				CLANG_WARN_COMMA = YES;
				CLANG_WARN_CONSTANT_CONVERSION = YES;
				CLANG_WARN_DEPRECATED_OBJC_IMPLEMENTATIONS = YES;
				CLANG_WARN_EMPTY_BODY = YES;
				CLANG_WARN_ENUM_CONVERSION = YES;
				CLANG_WARN_INFINITE_RECURSION = YES;
				CLANG_WARN_INT_CONVERSION = YES;
				CLANG_WARN_NON_LITERAL_NULL_CONVERSION = YES;
				CLANG_WARN_OBJC_IMPLICIT_RETAIN_SELF = YES;
				CLANG_WARN_OBJC_LITERAL_CONVERSION = YES;
				CLANG_WARN_RANGE_LOOP_ANALYSIS = YES;
				CLANG_WARN_STRICT_PROTOTYPES = YES;
				CLANG_WARN_SUSPICIOUS_MOVE = YES;
				CLANG_WARN_UNREACHABLE_CODE = YES;
				CLANG_WARN__DUPLICATE_METHOD_MATCH = YES;
				"CODE_SIGN_IDENTITY[sdk=iphoneos*]" = "";
				DEBUG_INFORMATION_FORMAT = dwarf;
				ENABLE_STRICT_OBJC_MSGSEND = YES;
				ENABLE_TESTABILITY = NO;
				GCC_C_LANGUAGE_STANDARD = c11;
				GCC_INLINES_ARE_PRIVATE_EXTERN = YES;
				GCC_MODEL_TUNING = G5;
				GCC_NO_COMMON_BLOCKS = YES;
				GCC_SYMBOLS_PRIVATE_EXTERN = YES;
				GCC_WARN_64_TO_32_BIT_CONVERSION = YES;
				GCC_WARN_ABOUT_RETURN_TYPE = YES;
				GCC_WARN_CHECK_SWITCH_STATEMENTS = YES;
				GCC_WARN_MISSING_PARENTHESES = YES;
				GCC_WARN_NON_VIRTUAL_DESTRUCTOR = YES;
				GCC_WARN_TYPECHECK_CALLS_TO_PRINTF = YES;
				GCC_WARN_UNDECLARED_SELECTOR = YES;
				GCC_WARN_UNINITIALIZED_AUTOS = YES;
				GCC_WARN_UNUSED_FUNCTION = YES;
				GCC_WARN_UNUSED_VARIABLE = YES;
				IPHONEOS_DEPLOYMENT_TARGET = 9.3;
				ONLY_ACTIVE_ARCH = YES;
				PRODUCT_NAME = Simplers;
				SDKROOT = iphoneos;
				TARGETED_DEVICE_FAMILY = "1,2";
				WARNING_CFLAGS = "-Wreorder";
				ZERO_LINK = NO;
			};
			name = Debug;
		};
		D0DDA672F6FCFD8CADCCDD88 /* Debug */ = {
			isa = XCBuildConfiguration;
			buildSettings = {
				ASSETCATALOG_COMPILER_APPICON_NAME = AppIcon;
				CLANG_CXX_LANGUAGE_STANDARD = "c++14";
				CLANG_CXX_LIBRARY = "libc++";
				CLANG_LINK_OBJC_RUNTIME = NO;
				"CODE_SIGN_IDENTITY[sdk=iphoneos*]" = "";
				COMBINE_HIDPI_IMAGES = YES;
				CONFIGURATION_BUILD_DIR = "$(PROJECT_DIR)/build/$(CONFIGURATION)";
				COPY_PHASE_STRIP = NO;
				GCC_DYNAMIC_NO_PIC = NO;
				GCC_OPTIMIZATION_LEVEL = 0;
				GCC_PREPROCESSOR_DEFINITIONS = (
					"_DEBUG=1",
					"DEBUG=1",
					"JUCE_CONTENT_SHARING=1",
					"JUCE_DISPLAY_SPLASH_SCREEN=1",
					"JUCE_USE_DARK_SPLASH_SCREEN=1",
					"JUCE_PROJUCER_VERSION=0x60102",
					"JUCE_MODULE_AVAILABLE_juce_audio_basics=1",
					"JUCE_MODULE_AVAILABLE_juce_audio_devices=1",
					"JUCE_MODULE_AVAILABLE_juce_audio_formats=1",
					"JUCE_MODULE_AVAILABLE_juce_audio_processors=1",
					"JUCE_MODULE_AVAILABLE_juce_audio_utils=1",
					"JUCE_MODULE_AVAILABLE_juce_core=1",
					"JUCE_MODULE_AVAILABLE_juce_data_structures=1",
					"JUCE_MODULE_AVAILABLE_juce_events=1",
					"JUCE_MODULE_AVAILABLE_juce_graphics=1",
					"JUCE_MODULE_AVAILABLE_juce_gui_basics=1",
					"JUCE_MODULE_AVAILABLE_juce_gui_extra=1",
					"JUCE_GLOBAL_MODULE_SETTINGS_INCLUDED=1",
					"JUCE_STRICT_REFCOUNTEDPOINTER=1",
					"JUCE_STANDALONE_APPLICATION=1",
					"JUCER_XCODE_IPHONE_5BC26AE3=1",
					"JUCE_APP_VERSION=1.0.0",
					"JUCE_APP_VERSION_HEX=0x10000",
					"JucePlugin_Build_VST=0",
					"JucePlugin_Build_VST3=0",
					"JucePlugin_Build_AU=0",
					"JucePlugin_Build_AUv3=0",
					"JucePlugin_Build_RTAS=0",
					"JucePlugin_Build_AAX=0",
					"JucePlugin_Build_Standalone=0",
					"JucePlugin_Build_Unity=0",
				);
				GCC_VERSION = com.apple.compilers.llvm.clang.1_0;
				HEADER_SEARCH_PATHS = (
					"$(SRCROOT)/../../JuceLibraryCode",
					/Users/alex/Work/Audio/JUCE/modules,
					"$(inherited)",
				);
				INFOPLIST_FILE = "Info-App.plist";
				INFOPLIST_PREPROCESS = NO;
				INSTALL_PATH = "$(HOME)/Applications";
				MTL_HEADER_SEARCH_PATHS = "$(SRCROOT)/../../JuceLibraryCode /Users/alex/Work/Audio/JUCE/modules";
				PRODUCT_BUNDLE_IDENTIFIER = com.yourcompany.Simplers;
				PRODUCT_NAME = Simplers;
				USE_HEADERMAP = NO;
			};
			name = Debug;
		};
		E45C0599AC1C41EFA9EE919E /* Release */ = {
			isa = XCBuildConfiguration;
			buildSettings = {
				ALWAYS_SEARCH_USER_PATHS = NO;
				CLANG_ENABLE_OBJC_WEAK = YES;
				CLANG_WARN_BLOCK_CAPTURE_AUTORELEASING = YES;
				CLANG_WARN_BOOL_CONVERSION = YES;
				CLANG_WARN_COMMA = YES;
				CLANG_WARN_CONSTANT_CONVERSION = YES;
				CLANG_WARN_DEPRECATED_OBJC_IMPLEMENTATIONS = YES;
				CLANG_WARN_EMPTY_BODY = YES;
				CLANG_WARN_ENUM_CONVERSION = YES;
				CLANG_WARN_INFINITE_RECURSION = YES;
				CLANG_WARN_INT_CONVERSION = YES;
				CLANG_WARN_NON_LITERAL_NULL_CONVERSION = YES;
				CLANG_WARN_OBJC_IMPLICIT_RETAIN_SELF = YES;
				CLANG_WARN_OBJC_LITERAL_CONVERSION = YES;
				CLANG_WARN_RANGE_LOOP_ANALYSIS = YES;
				CLANG_WARN_STRICT_PROTOTYPES = YES;
				CLANG_WARN_SUSPICIOUS_MOVE = YES;
				CLANG_WARN_UNREACHABLE_CODE = YES;
				CLANG_WARN__DUPLICATE_METHOD_MATCH = YES;
				"CODE_SIGN_IDENTITY[sdk=iphoneos*]" = "";
				DEBUG_INFORMATION_FORMAT = dwarf;
				ENABLE_STRICT_OBJC_MSGSEND = YES;
				ENABLE_TESTABILITY = NO;
				GCC_C_LANGUAGE_STANDARD = c11;
				GCC_INLINES_ARE_PRIVATE_EXTERN = YES;
				GCC_MODEL_TUNING = G5;
				GCC_NO_COMMON_BLOCKS = YES;
				GCC_SYMBOLS_PRIVATE_EXTERN = YES;
				GCC_WARN_64_TO_32_BIT_CONVERSION = YES;
				GCC_WARN_ABOUT_RETURN_TYPE = YES;
				GCC_WARN_CHECK_SWITCH_STATEMENTS = YES;
				GCC_WARN_MISSING_PARENTHESES = YES;
				GCC_WARN_NON_VIRTUAL_DESTRUCTOR = YES;
				GCC_WARN_TYPECHECK_CALLS_TO_PRINTF = YES;
				GCC_WARN_UNDECLARED_SELECTOR = YES;
				GCC_WARN_UNINITIALIZED_AUTOS = YES;
				GCC_WARN_UNUSED_FUNCTION = YES;
				GCC_WARN_UNUSED_VARIABLE = YES;
				IPHONEOS_DEPLOYMENT_TARGET = 9.3;
				PRODUCT_NAME = Simplers;
				SDKROOT = iphoneos;
				TARGETED_DEVICE_FAMILY = "1,2";
				WARNING_CFLAGS = "-Wreorder";
				ZERO_LINK = NO;
			};
			name = Release;
		};
/* End XCBuildConfiguration section */

/* Begin XCConfigurationList section */
		8C460A58D9F5B2586AF18F7E /* Build configuration list for PBXNativeTarget "Simplers - App" */ = {
			isa = XCConfigurationList;
			buildConfigurations = (
				D0DDA672F6FCFD8CADCCDD88 /* Debug */,
				8C57C29FA2007FD7EB3CFB27 /* Release */,
			);
			defaultConfigurationIsVisible = 0;
			defaultConfigurationName = Debug;
		};
		FCB58FD1EA68C7A45F959F48 /* Build configuration list for PBXProject "Simplers" */ = {
			isa = XCConfigurationList;
			buildConfigurations = (
				99D4525DD6DBAC7CB9EAFBF9 /* Debug */,
				E45C0599AC1C41EFA9EE919E /* Release */,
			);
			defaultConfigurationIsVisible = 0;
			defaultConfigurationName = Debug;
		};
/* End XCConfigurationList section */
	};
	rootObject = 79CBA40FCEADF32A9AE4CBDC /* Project object */;
}
